# This file is automatically @generated by Cargo.
# It is not intended for manual editing.
version = 4

[[package]]
name = "nomos-cli"
version = "0.0.0"
dependencies = [
 "nomos-compiler",
 "nomos-core",
 "nomos-projection",
 "nomos-sim",
]

[[package]]
name = "nomos-compiler"
version = "0.0.0"
dependencies = [
 "nomos-core",
 "nomos-projection",
 "nomos-schema",
]

[[package]]
name = "nomos-core"
version = "0.0.0"

[[package]]
name = "nomos-observed-scene"
version = "0.0.0"
dependencies = [
 "nomos-core",
]

[[package]]
name = "nomos-play"
version = "0.0.0"
dependencies = [
 "nomos-compiler",
 "nomos-core",
 "nomos-projection",
 "nomos-render-plan",
 "nomos-schema",
 "nomos-sim",
]

[[package]]
name = "nomos-projection"
version = "0.0.0"
dependencies = [
 "nomos-core",
]

[[package]]
name = "nomos-render-plan"
version = "0.0.0"
dependencies = [
 "nomos-core",
 "nomos-projection",
 "nomos-sim",
]

[[package]]
name = "nomos-schema"
version = "0.0.0"
dependencies = [
 "nomos-core",
]

[[package]]
name = "nomos-sim"
version = "0.0.0"
dependencies = [
 "nomos-core",
 "nomos-projection",
]

[[package]]
name = "xtask"
version = "0.0.0"
