# This file is automatically @generated by Cargo.
# It is not intended for manual editing.
version = 4

[[package]]
name = "estate-cli"
version = "0.0.0"
dependencies = [
 "estate-compiler",
 "estate-core",
 "estate-projection",
 "estate-sim",
]

[[package]]
name = "estate-compiler"
version = "0.0.0"
dependencies = [
 "estate-core",
 "estate-projection",
 "estate-schema",
]

[[package]]
name = "estate-core"
version = "0.0.0"

[[package]]
name = "estate-projection"
version = "0.0.0"
dependencies = [
 "estate-core",
]

[[package]]
name = "estate-schema"
version = "0.0.0"
dependencies = [
 "estate-core",
]

[[package]]
name = "estate-sim"
version = "0.0.0"
dependencies = [
 "estate-core",
 "estate-projection",
]

[[package]]
name = "xtask"
version = "0.0.0"
